<?xml version="1.0" encoding="utf-8"?>
<Project ToolsVersion="4.0" xmlns="http://schemas.microsoft.com/developer/msbuild/2003">
  <ItemGroup>
    <Filter Include="Source Files">
      <UniqueIdentifier>{4FC737F1-C7A5-4376-A066-2A32D752A2FF}</UniqueIdentifier>
      <Extensions>cpp;c;cc;cxx;def;odl;idl;hpj;bat;asm;asmx</Extensions>
    </Filter>
    <Filter Include="Header Files">
      <UniqueIdentifier>{93995380-89BD-4b04-88EB-625FBE52EBFB}</UniqueIdentifier>
      <Extensions>h;hpp;hxx;hm;inl;inc;xsd</Extensions>
    </Filter>
    <Filter Include="Resource Files">
      <UniqueIdentifier>{67DA6AB6-F800-4c08-8B7A-83BB121AAD01}</UniqueIdentifier>
      <Extensions>rc;ico;cur;bmp;dlg;rc2;rct;bin;rgs;gif;jpg;jpeg;jpe;resx;tiff;tif;png;wav;mfcribbon-ms</Extensions>
    </Filter>
    <Filter Include="Source Files\op_folder">
      <UniqueIdentifier>{7fa1f52d-3cfc-4c92-ac36-3e5fd8651264}</UniqueIdentifier>
    </Filter>
    <Filter Include="Source Files\HDF5">
      <UniqueIdentifier>{975ad7a1-c11d-4f4e-885c-df8a472c2e4a}</UniqueIdentifier>
    </Filter>
    <Filter Include="Source Files\op_rand">
      <UniqueIdentifier>{ad4e4225-76b7-47d2-811f-a8f55a3c5c91}</UniqueIdentifier>
    </Filter>
  </ItemGroup>
  <ItemGroup>
    <Text Include="ReadMe.txt" />
  </ItemGroup>
  <ItemGroup>
    <ClInclude Include="stdafx.h">
      <Filter>Header Files</Filter>
    </ClInclude>
    <ClInclude Include="targetver.h">
      <Filter>Header Files</Filter>
    </ClInclude>
    <ClInclude Include="net_func.h">
      <Filter>Source Files</Filter>
    </ClInclude>
    <ClInclude Include="op_folder.h">
      <Filter>Source Files\op_folder</Filter>
    </ClInclude>
    <ClInclude Include="HDF5_test.h">
      <Filter>Source Files\HDF5</Filter>
    </ClInclude>
    <ClInclude Include="op_hdf5.h">
      <Filter>Source Files\HDF5</Filter>
    </ClInclude>
    <ClInclude Include="op_rand.h">
      <Filter>Source Files\op_rand</Filter>
    </ClInclude>
  </ItemGroup>
  <ItemGroup>
    <ClCompile Include="stdafx.cpp">
      <Filter>Source Files</Filter>
    </ClCompile>
    <ClCompile Include="net_func.cpp">
      <Filter>Source Files</Filter>
    </ClCompile>
    <ClCompile Include="net.cpp">
      <Filter>Source Files</Filter>
    </ClCompile>
    <ClCompile Include="op_folder.cpp">
      <Filter>Source Files\op_folder</Filter>
    </ClCompile>
    <ClCompile Include="HDF5_test.cpp">
      <Filter>Source Files\HDF5</Filter>
    </ClCompile>
    <ClCompile Include="op_hdf5.cpp">
      <Filter>Source Files\HDF5</Filter>
    </ClCompile>
    <ClCompile Include="op_rand.cpp">
      <Filter>Source Files\op_rand</Filter>
    </ClCompile>
  </ItemGroup>
</Project>